
Microsoft Visual Studio Solution File, Format Version 12.00
# Visual Studio Version 16
VisualStudioVersion = 16.0.29728.190
MinimumVisualStudioVersion = 10.0.40219.1
Project("{FAE04EC0-301F-11D3-BF4B-00C04F79EFBC}") = "BookListMVC", "BookListMVC\BookListMVC.csproj", "{226DE44F-5210-4FCF-BB0F-435209BA23F2}"
EndProject
Global
	GlobalSection(SolutionConfigurationPlatforms) = preSolution
		Debug|Any CPU = Debug|Any CPU
		Release|Any CPU = Release|Any CPU
	EndGlobalSection
	GlobalSection(ProjectConfigurationPlatforms) = postSolution
		{226DE44F-5210-4FCF-BB0F-435209BA23F2}.Debug|Any CPU.ActiveCfg = Debug|Any CPU
		{226DE44F-5210-4FCF-BB0F-435209BA23F2}.Debug|Any CPU.Build.0 = Debug|Any CPU
		{226DE44F-5210-4FCF-BB0F-435209BA23F2}.Release|Any CPU.ActiveCfg = Release|Any CPU
		{226DE44F-5210-4FCF-BB0F-435209BA23F2}.Release|Any CPU.Build.0 = Release|Any CPU
	EndGlobalSection
	GlobalSection(SolutionProperties) = preSolution
		HideSolutionNode = FALSE
	EndGlobalSection
	GlobalSection(ExtensibilityGlobals) = postSolution
		SolutionGuid = {ACBCC3C3-A625-4D10-8A43-D20A9826494A}
	EndGlobalSection
EndGlobal
